Microsoft Visual Studio Solution File, Format Version 12.00
# Visual Studio Version 17
VisualStudioVersion = 17.5.2.0
MinimumVisualStudioVersion = 10.0.40219.1
Project("{FAE04EC0-301F-11D3-BF4B-00C04F79EFBC}") = "RPG-dotnet", "RPG-dotnet.csproj", "{3C5C2605-26AA-55D7-B025-38074A3278C6}"
EndProject
Global
	GlobalSection(SolutionConfigurationPlatforms) = preSolution
		Debug|Any CPU = Debug|Any CPU
		Release|Any CPU = Release|Any CPU
	EndGlobalSection
	GlobalSection(ProjectConfigurationPlatforms) = postSolution
		{3C5C2605-26AA-55D7-B025-38074A3278C6}.Debug|Any CPU.ActiveCfg = Debug|Any CPU
		{3C5C2605-26AA-55D7-B025-38074A3278C6}.Debug|Any CPU.Build.0 = Debug|Any CPU
		{3C5C2605-26AA-55D7-B025-38074A3278C6}.Release|Any CPU.ActiveCfg = Release|Any CPU
		{3C5C2605-26AA-55D7-B025-38074A3278C6}.Release|Any CPU.Build.0 = Release|Any CPU
	EndGlobalSection
	GlobalSection(SolutionProperties) = preSolution
		HideSolutionNode = FALSE
	EndGlobalSection
	GlobalSection(ExtensibilityGlobals) = postSolution
		SolutionGuid = {9A348D31-FFA4-478C-9E3A-185AF96EEF52}
	EndGlobalSection
EndGlobal
