Microsoft Visual Studio Solution File, Format Version 12.00
# Visual Studio Version 17
VisualStudioVersion = 17.5.2.0
MinimumVisualStudioVersion = 10.0.40219.1
Project("{FAE04EC0-301F-11D3-BF4B-00C04F79EFBC}") = "RPG-dotnet", "RPG-dotnet.csproj", "{3C5C2605-26AA-55D7-B025-38074A3278C6}"
EndProject
Project("{FAE04EC0-301F-11D3-BF4B-00C04F79EFBC}") = "RPG_dotnet.Tests", "RPG_dotnet.Tests\RPG_dotnet.Tests.csproj", "{63A504B2-A474-41AB-B5BF-C7C34D8862B1}"
EndProject
Project("{FAE04EC0-301F-11D3-BF4B-00C04F79EFBC}") = "RPG-dotnet.Tests", "RPG-dotnet.Tests\RPG-dotnet.Tests.csproj", "{D87C9635-913E-40A7-870B-E721121C0FA7}"
EndProject
Global
	GlobalSection(SolutionConfigurationPlatforms) = preSolution
		Debug|Any CPU = Debug|Any CPU
		Release|Any CPU = Release|Any CPU
	EndGlobalSection
	GlobalSection(ProjectConfigurationPlatforms) = postSolution
		{3C5C2605-26AA-55D7-B025-38074A3278C6}.Debug|Any CPU.ActiveCfg = Debug|Any CPU
		{3C5C2605-26AA-55D7-B025-38074A3278C6}.Debug|Any CPU.Build.0 = Debug|Any CPU
		{3C5C2605-26AA-55D7-B025-38074A3278C6}.Release|Any CPU.ActiveCfg = Release|Any CPU
		{3C5C2605-26AA-55D7-B025-38074A3278C6}.Release|Any CPU.Build.0 = Release|Any CPU
		{63A504B2-A474-41AB-B5BF-C7C34D8862B1}.Debug|Any CPU.ActiveCfg = Debug|Any CPU
		{63A504B2-A474-41AB-B5BF-C7C34D8862B1}.Debug|Any CPU.Build.0 = Debug|Any CPU
		{63A504B2-A474-41AB-B5BF-C7C34D8862B1}.Release|Any CPU.ActiveCfg = Release|Any CPU
		{63A504B2-A474-41AB-B5BF-C7C34D8862B1}.Release|Any CPU.Build.0 = Release|Any CPU
		{D87C9635-913E-40A7-870B-E721121C0FA7}.Debug|Any CPU.ActiveCfg = Debug|Any CPU
		{D87C9635-913E-40A7-870B-E721121C0FA7}.Debug|Any CPU.Build.0 = Debug|Any CPU
		{D87C9635-913E-40A7-870B-E721121C0FA7}.Release|Any CPU.ActiveCfg = Release|Any CPU
		{D87C9635-913E-40A7-870B-E721121C0FA7}.Release|Any CPU.Build.0 = Release|Any CPU
	EndGlobalSection
	GlobalSection(SolutionProperties) = preSolution
		HideSolutionNode = FALSE
	EndGlobalSection
	GlobalSection(ExtensibilityGlobals) = postSolution
		SolutionGuid = {4D2A4903-088F-4C89-93F1-294338552A81}
	EndGlobalSection
EndGlobal
